
Microsoft Visual Studio Solution File, Format Version 12.00
# Visual Studio 2013
VisualStudioVersion = 12.0.21005.1
MinimumVisualStudioVersion = 10.0.40219.1
Project("{FAE04EC0-301F-11D3-BF4B-00C04F79EFBC}") = "01 StringBuilder-Substring", "01 StringBuilder-Substring\01 StringBuilder-Substring.csproj", "{8CA015EA-2982-46F6-AD06-A2319FF69F57}"
EndProject
Project("{FAE04EC0-301F-11D3-BF4B-00C04F79EFBC}") = "02 IEnumerableExtensions", "02 IEnumerableExtensions\02 IEnumerableExtensions.csproj", "{49658CAA-CBB1-4098-AECE-4D6ED1C90622}"
EndProject
Project("{FAE04EC0-301F-11D3-BF4B-00C04F79EFBC}") = "03 04 05 Problem", "03 FirstBeforeLast\03 04 05 Problem.csproj", "{FDCC103D-4F6F-48CF-A604-1DC82DF7BE7F}"
EndProject
Project("{FAE04EC0-301F-11D3-BF4B-00C04F79EFBC}") = "06 DivisibleBy7And3", "06 DivisibleBy7And3\06 DivisibleBy7And3.csproj", "{4A6BC2DB-E7EA-4E3B-864E-6DFE68CBA64A}"
EndProject
Project("{FAE04EC0-301F-11D3-BF4B-00C04F79EFBC}") = "07 Timer", "07 Timer\07 Timer.csproj", "{A9C17AC1-8B4A-4A32-B722-979CED7626A9}"
EndProject
Project("{FAE04EC0-301F-11D3-BF4B-00C04F79EFBC}") = "09-16 18-19 Problems", "09-16 Problems\09-16 18-19 Problems.csproj", "{AD9C1E07-BCCC-4426-88E0-06C8F4254953}"
EndProject
Project("{FAE04EC0-301F-11D3-BF4B-00C04F79EFBC}") = "17 LongestString", "17 LongestString\17 LongestString.csproj", "{E724E29F-D396-47A3-883C-09AF3470A045}"
EndProject
Project("{FAE04EC0-301F-11D3-BF4B-00C04F79EFBC}") = "08 Events", "08 Events\08 Events.csproj", "{CAC6EFD8-ABB8-412A-ABD8-5BA31A0A6AA9}"
EndProject
Global
	GlobalSection(SolutionConfigurationPlatforms) = preSolution
		Debug|Any CPU = Debug|Any CPU
		Release|Any CPU = Release|Any CPU
	EndGlobalSection
	GlobalSection(ProjectConfigurationPlatforms) = postSolution
		{8CA015EA-2982-46F6-AD06-A2319FF69F57}.Debug|Any CPU.ActiveCfg = Debug|Any CPU
		{8CA015EA-2982-46F6-AD06-A2319FF69F57}.Debug|Any CPU.Build.0 = Debug|Any CPU
		{8CA015EA-2982-46F6-AD06-A2319FF69F57}.Release|Any CPU.ActiveCfg = Release|Any CPU
		{8CA015EA-2982-46F6-AD06-A2319FF69F57}.Release|Any CPU.Build.0 = Release|Any CPU
		{49658CAA-CBB1-4098-AECE-4D6ED1C90622}.Debug|Any CPU.ActiveCfg = Debug|Any CPU
		{49658CAA-CBB1-4098-AECE-4D6ED1C90622}.Debug|Any CPU.Build.0 = Debug|Any CPU
		{49658CAA-CBB1-4098-AECE-4D6ED1C90622}.Release|Any CPU.ActiveCfg = Release|Any CPU
		{49658CAA-CBB1-4098-AECE-4D6ED1C90622}.Release|Any CPU.Build.0 = Release|Any CPU
		{FDCC103D-4F6F-48CF-A604-1DC82DF7BE7F}.Debug|Any CPU.ActiveCfg = Debug|Any CPU
		{FDCC103D-4F6F-48CF-A604-1DC82DF7BE7F}.Debug|Any CPU.Build.0 = Debug|Any CPU
		{FDCC103D-4F6F-48CF-A604-1DC82DF7BE7F}.Release|Any CPU.ActiveCfg = Release|Any CPU
		{FDCC103D-4F6F-48CF-A604-1DC82DF7BE7F}.Release|Any CPU.Build.0 = Release|Any CPU
		{4A6BC2DB-E7EA-4E3B-864E-6DFE68CBA64A}.Debug|Any CPU.ActiveCfg = Debug|Any CPU
		{4A6BC2DB-E7EA-4E3B-864E-6DFE68CBA64A}.Debug|Any CPU.Build.0 = Debug|Any CPU
		{4A6BC2DB-E7EA-4E3B-864E-6DFE68CBA64A}.Release|Any CPU.ActiveCfg = Release|Any CPU
		{4A6BC2DB-E7EA-4E3B-864E-6DFE68CBA64A}.Release|Any CPU.Build.0 = Release|Any CPU
		{A9C17AC1-8B4A-4A32-B722-979CED7626A9}.Debug|Any CPU.ActiveCfg = Debug|Any CPU
		{A9C17AC1-8B4A-4A32-B722-979CED7626A9}.Debug|Any CPU.Build.0 = Debug|Any CPU
		{A9C17AC1-8B4A-4A32-B722-979CED7626A9}.Release|Any CPU.ActiveCfg = Release|Any CPU
		{A9C17AC1-8B4A-4A32-B722-979CED7626A9}.Release|Any CPU.Build.0 = Release|Any CPU
		{AD9C1E07-BCCC-4426-88E0-06C8F4254953}.Debug|Any CPU.ActiveCfg = Debug|Any CPU
		{AD9C1E07-BCCC-4426-88E0-06C8F4254953}.Debug|Any CPU.Build.0 = Debug|Any CPU
		{AD9C1E07-BCCC-4426-88E0-06C8F4254953}.Release|Any CPU.ActiveCfg = Release|Any CPU
		{AD9C1E07-BCCC-4426-88E0-06C8F4254953}.Release|Any CPU.Build.0 = Release|Any CPU
		{E724E29F-D396-47A3-883C-09AF3470A045}.Debug|Any CPU.ActiveCfg = Debug|Any CPU
		{E724E29F-D396-47A3-883C-09AF3470A045}.Debug|Any CPU.Build.0 = Debug|Any CPU
		{E724E29F-D396-47A3-883C-09AF3470A045}.Release|Any CPU.ActiveCfg = Release|Any CPU
		{E724E29F-D396-47A3-883C-09AF3470A045}.Release|Any CPU.Build.0 = Release|Any CPU
		{CAC6EFD8-ABB8-412A-ABD8-5BA31A0A6AA9}.Debug|Any CPU.ActiveCfg = Debug|Any CPU
		{CAC6EFD8-ABB8-412A-ABD8-5BA31A0A6AA9}.Debug|Any CPU.Build.0 = Debug|Any CPU
		{CAC6EFD8-ABB8-412A-ABD8-5BA31A0A6AA9}.Release|Any CPU.ActiveCfg = Release|Any CPU
		{CAC6EFD8-ABB8-412A-ABD8-5BA31A0A6AA9}.Release|Any CPU.Build.0 = Release|Any CPU
	EndGlobalSection
	GlobalSection(SolutionProperties) = preSolution
		HideSolutionNode = FALSE
	EndGlobalSection
EndGlobal
