
Microsoft Visual Studio Solution File, Format Version 12.00
# Visual Studio 2013
VisualStudioVersion = 12.0.30501.0
MinimumVisualStudioVersion = 10.0.40219.1
Project("{FAE04EC0-301F-11D3-BF4B-00C04F79EFBC}") = "01 ExchangeIfGreater", "01 ExchangeIfGreater\01 ExchangeIfGreater.csproj", "{2631C3D2-C894-4745-9130-8EF758B1F5F4}"
EndProject
Project("{FAE04EC0-301F-11D3-BF4B-00C04F79EFBC}") = "02 BonusScore", "02 BonusScore\02 BonusScore.csproj", "{BE7D1AE7-904D-4DC1-8C88-099BA352D5EA}"
EndProject
Project("{FAE04EC0-301F-11D3-BF4B-00C04F79EFBC}") = "03 CheckForPlayCard", "03 CheckForPlayCard\03 CheckForPlayCard.csproj", "{25E8A2C9-6C60-40B5-95CF-B73AEE47257A}"
EndProject
Project("{FAE04EC0-301F-11D3-BF4B-00C04F79EFBC}") = "04 MultiplicationSign", "04 MultiplicationSign\04 MultiplicationSign.csproj", "{2655DE9D-B2AA-4891-B556-190527B8B3D4}"
EndProject
Project("{FAE04EC0-301F-11D3-BF4B-00C04F79EFBC}") = "05 BiggestOfThreeNumbers", "05 BiggestOfThreeNumbers\05 BiggestOfThreeNumbers.csproj", "{C2E955B0-E73A-439F-89AC-D346416BD751}"
EndProject
Project("{FAE04EC0-301F-11D3-BF4B-00C04F79EFBC}") = "06 BiggestOfFiveNumbers", "06 BiggestOfFiveNumbers\06 BiggestOfFiveNumbers.csproj", "{947E6ED2-113B-49C0-A460-0AF0055FF428}"
EndProject
Project("{FAE04EC0-301F-11D3-BF4B-00C04F79EFBC}") = "07 SortThreeNumbers", "07 SortThreeNumbers\07 SortThreeNumbers.csproj", "{DAF725DD-8752-4B66-AC1E-E103B23E8B25}"
EndProject
Project("{FAE04EC0-301F-11D3-BF4B-00C04F79EFBC}") = "08 DigitAsWord", "08 DigitAsWord\08 DigitAsWord.csproj", "{40751CE5-E495-4DA1-ABE9-EF542DA797BD}"
EndProject
Project("{FAE04EC0-301F-11D3-BF4B-00C04F79EFBC}") = "09 PlayWithIntDoubleAndString", "09 PlayWithIntDoubleAndString\09 PlayWithIntDoubleAndString.csproj", "{B81E81F1-A166-4B9A-876C-01F608E46F8D}"
EndProject
Project("{FAE04EC0-301F-11D3-BF4B-00C04F79EFBC}") = "10 BeerTime", "10 BeerTime\10 BeerTime.csproj", "{F3397FA7-7AF9-4899-977C-94E82F907BC4}"
EndProject
Project("{FAE04EC0-301F-11D3-BF4B-00C04F79EFBC}") = "11 NumberAsWords", "11 NumberAsWords\11 NumberAsWords.csproj", "{30A25CD1-D9CE-4FDF-8545-C8001B1EF8A0}"
EndProject
Project("{FAE04EC0-301F-11D3-BF4B-00C04F79EFBC}") = "12 ZeroSubset", "12 ZeroSubset\12 ZeroSubset.csproj", "{DEC9D9A3-3A1D-4CBB-AA67-6250CACDDCF3}"
EndProject
Global
	GlobalSection(SolutionConfigurationPlatforms) = preSolution
		Debug|Any CPU = Debug|Any CPU
		Release|Any CPU = Release|Any CPU
	EndGlobalSection
	GlobalSection(ProjectConfigurationPlatforms) = postSolution
		{2631C3D2-C894-4745-9130-8EF758B1F5F4}.Debug|Any CPU.ActiveCfg = Debug|Any CPU
		{2631C3D2-C894-4745-9130-8EF758B1F5F4}.Debug|Any CPU.Build.0 = Debug|Any CPU
		{2631C3D2-C894-4745-9130-8EF758B1F5F4}.Release|Any CPU.ActiveCfg = Release|Any CPU
		{2631C3D2-C894-4745-9130-8EF758B1F5F4}.Release|Any CPU.Build.0 = Release|Any CPU
		{BE7D1AE7-904D-4DC1-8C88-099BA352D5EA}.Debug|Any CPU.ActiveCfg = Debug|Any CPU
		{BE7D1AE7-904D-4DC1-8C88-099BA352D5EA}.Debug|Any CPU.Build.0 = Debug|Any CPU
		{BE7D1AE7-904D-4DC1-8C88-099BA352D5EA}.Release|Any CPU.ActiveCfg = Release|Any CPU
		{BE7D1AE7-904D-4DC1-8C88-099BA352D5EA}.Release|Any CPU.Build.0 = Release|Any CPU
		{25E8A2C9-6C60-40B5-95CF-B73AEE47257A}.Debug|Any CPU.ActiveCfg = Debug|Any CPU
		{25E8A2C9-6C60-40B5-95CF-B73AEE47257A}.Debug|Any CPU.Build.0 = Debug|Any CPU
		{25E8A2C9-6C60-40B5-95CF-B73AEE47257A}.Release|Any CPU.ActiveCfg = Release|Any CPU
		{25E8A2C9-6C60-40B5-95CF-B73AEE47257A}.Release|Any CPU.Build.0 = Release|Any CPU
		{2655DE9D-B2AA-4891-B556-190527B8B3D4}.Debug|Any CPU.ActiveCfg = Debug|Any CPU
		{2655DE9D-B2AA-4891-B556-190527B8B3D4}.Debug|Any CPU.Build.0 = Debug|Any CPU
		{2655DE9D-B2AA-4891-B556-190527B8B3D4}.Release|Any CPU.ActiveCfg = Release|Any CPU
		{2655DE9D-B2AA-4891-B556-190527B8B3D4}.Release|Any CPU.Build.0 = Release|Any CPU
		{C2E955B0-E73A-439F-89AC-D346416BD751}.Debug|Any CPU.ActiveCfg = Debug|Any CPU
		{C2E955B0-E73A-439F-89AC-D346416BD751}.Debug|Any CPU.Build.0 = Debug|Any CPU
		{C2E955B0-E73A-439F-89AC-D346416BD751}.Release|Any CPU.ActiveCfg = Release|Any CPU
		{C2E955B0-E73A-439F-89AC-D346416BD751}.Release|Any CPU.Build.0 = Release|Any CPU
		{947E6ED2-113B-49C0-A460-0AF0055FF428}.Debug|Any CPU.ActiveCfg = Debug|Any CPU
		{947E6ED2-113B-49C0-A460-0AF0055FF428}.Debug|Any CPU.Build.0 = Debug|Any CPU
		{947E6ED2-113B-49C0-A460-0AF0055FF428}.Release|Any CPU.ActiveCfg = Release|Any CPU
		{947E6ED2-113B-49C0-A460-0AF0055FF428}.Release|Any CPU.Build.0 = Release|Any CPU
		{DAF725DD-8752-4B66-AC1E-E103B23E8B25}.Debug|Any CPU.ActiveCfg = Debug|Any CPU
		{DAF725DD-8752-4B66-AC1E-E103B23E8B25}.Debug|Any CPU.Build.0 = Debug|Any CPU
		{DAF725DD-8752-4B66-AC1E-E103B23E8B25}.Release|Any CPU.ActiveCfg = Release|Any CPU
		{DAF725DD-8752-4B66-AC1E-E103B23E8B25}.Release|Any CPU.Build.0 = Release|Any CPU
		{40751CE5-E495-4DA1-ABE9-EF542DA797BD}.Debug|Any CPU.ActiveCfg = Debug|Any CPU
		{40751CE5-E495-4DA1-ABE9-EF542DA797BD}.Debug|Any CPU.Build.0 = Debug|Any CPU
		{40751CE5-E495-4DA1-ABE9-EF542DA797BD}.Release|Any CPU.ActiveCfg = Release|Any CPU
		{40751CE5-E495-4DA1-ABE9-EF542DA797BD}.Release|Any CPU.Build.0 = Release|Any CPU
		{B81E81F1-A166-4B9A-876C-01F608E46F8D}.Debug|Any CPU.ActiveCfg = Debug|Any CPU
		{B81E81F1-A166-4B9A-876C-01F608E46F8D}.Debug|Any CPU.Build.0 = Debug|Any CPU
		{B81E81F1-A166-4B9A-876C-01F608E46F8D}.Release|Any CPU.ActiveCfg = Release|Any CPU
		{B81E81F1-A166-4B9A-876C-01F608E46F8D}.Release|Any CPU.Build.0 = Release|Any CPU
		{F3397FA7-7AF9-4899-977C-94E82F907BC4}.Debug|Any CPU.ActiveCfg = Debug|Any CPU
		{F3397FA7-7AF9-4899-977C-94E82F907BC4}.Debug|Any CPU.Build.0 = Debug|Any CPU
		{F3397FA7-7AF9-4899-977C-94E82F907BC4}.Release|Any CPU.ActiveCfg = Release|Any CPU
		{F3397FA7-7AF9-4899-977C-94E82F907BC4}.Release|Any CPU.Build.0 = Release|Any CPU
		{30A25CD1-D9CE-4FDF-8545-C8001B1EF8A0}.Debug|Any CPU.ActiveCfg = Debug|Any CPU
		{30A25CD1-D9CE-4FDF-8545-C8001B1EF8A0}.Debug|Any CPU.Build.0 = Debug|Any CPU
		{30A25CD1-D9CE-4FDF-8545-C8001B1EF8A0}.Release|Any CPU.ActiveCfg = Release|Any CPU
		{30A25CD1-D9CE-4FDF-8545-C8001B1EF8A0}.Release|Any CPU.Build.0 = Release|Any CPU
		{DEC9D9A3-3A1D-4CBB-AA67-6250CACDDCF3}.Debug|Any CPU.ActiveCfg = Debug|Any CPU
		{DEC9D9A3-3A1D-4CBB-AA67-6250CACDDCF3}.Debug|Any CPU.Build.0 = Debug|Any CPU
		{DEC9D9A3-3A1D-4CBB-AA67-6250CACDDCF3}.Release|Any CPU.ActiveCfg = Release|Any CPU
		{DEC9D9A3-3A1D-4CBB-AA67-6250CACDDCF3}.Release|Any CPU.Build.0 = Release|Any CPU
	EndGlobalSection
	GlobalSection(SolutionProperties) = preSolution
		HideSolutionNode = FALSE
	EndGlobalSection
EndGlobal
