
Microsoft Visual Studio Solution File, Format Version 12.00
# Visual Studio 2013
VisualStudioVersion = 12.0.30501.0
MinimumVisualStudioVersion = 10.0.40219.1
Project("{FAE04EC0-301F-11D3-BF4B-00C04F79EFBC}") = "01 DeclareVariables", "01 DeclareVariables\01 DeclareVariables.csproj", "{7A623943-EA3C-4EEF-BB48-0DD84634F918}"
EndProject
Project("{FAE04EC0-301F-11D3-BF4B-00C04F79EFBC}") = "02 FloatOrDouble", "02 FloatOrDouble\02 FloatOrDouble.csproj", "{C3BFE005-92CB-473B-A2DF-3FD4F23D3D27}"
EndProject
Project("{FAE04EC0-301F-11D3-BF4B-00C04F79EFBC}") = "03 VariableInHexadecimalFormat", "03 VariableInHexadecimalFormat\03 VariableInHexadecimalFormat.csproj", "{29C92D99-8BE2-42F9-8195-7223F5631959}"
EndProject
Project("{FAE04EC0-301F-11D3-BF4B-00C04F79EFBC}") = "04 UnicodeCharacter", "04 UnicodeCharacter\04 UnicodeCharacter.csproj", "{E8BF67AB-1C3A-41E1-A552-ABCCBEB80244}"
EndProject
Project("{FAE04EC0-301F-11D3-BF4B-00C04F79EFBC}") = "05 BooleanVariable", "05 BooleanVariable\05 BooleanVariable.csproj", "{E55EB9B4-638E-4C80-8FB5-4962B7AC2A7E}"
EndProject
Project("{FAE04EC0-301F-11D3-BF4B-00C04F79EFBC}") = "06 StringsAndObjects", "06 StringsAndObjects\06 StringsAndObjects.csproj", "{40B0AE6F-09EA-42A1-998E-FF2B8BC4A7EF}"
EndProject
Project("{FAE04EC0-301F-11D3-BF4B-00C04F79EFBC}") = "07 QuotesInStrings", "07 QuotesInStrings\07 QuotesInStrings.csproj", "{91F9BE5D-8597-4942-9ADF-4E2BA8D7FEF7}"
EndProject
Project("{FAE04EC0-301F-11D3-BF4B-00C04F79EFBC}") = "08 IsoscelesTriangle", "08 IsoscelesTriangle\08 IsoscelesTriangle.csproj", "{F8057B34-815E-4DD6-8991-6B3CC98419A9}"
EndProject
Project("{FAE04EC0-301F-11D3-BF4B-00C04F79EFBC}") = "09 ExchangeVariableValues", "09 ExchangeVariableValues\09 ExchangeVariableValues.csproj", "{B9FD4145-666D-4C49-9CF4-8911F6526E7F}"
EndProject
Project("{FAE04EC0-301F-11D3-BF4B-00C04F79EFBC}") = "10 EmployeeData", "10 EmployeeData\10 EmployeeData.csproj", "{464DB53B-9541-4DF4-9D05-4935834E0F68}"
EndProject
Project("{FAE04EC0-301F-11D3-BF4B-00C04F79EFBC}") = "11 BankAccountData", "11 BankAccountData\11 BankAccountData.csproj", "{335CE371-D1B3-4F53-A017-A24FF5EB6CA9}"
EndProject
Project("{FAE04EC0-301F-11D3-BF4B-00C04F79EFBC}") = "12 NullValuesArithmetic", "12 NullValuesArithmetic\12 NullValuesArithmetic.csproj", "{D710AB6D-24C5-41B6-BA35-97F2C44F6315}"
EndProject
Project("{FAE04EC0-301F-11D3-BF4B-00C04F79EFBC}") = "13 ComparingFloats", "13 ComparingFloats\13 ComparingFloats.csproj", "{A7E78391-F3DA-457A-9010-4C02600EFD4F}"
EndProject
Project("{FAE04EC0-301F-11D3-BF4B-00C04F79EFBC}") = "14 ASCII", "14 ASCII\14 ASCII.csproj", "{297BD385-A7F3-4D42-BD0C-4A3F6DDBCD96}"
EndProject
Global
	GlobalSection(SolutionConfigurationPlatforms) = preSolution
		Debug|Any CPU = Debug|Any CPU
		Release|Any CPU = Release|Any CPU
	EndGlobalSection
	GlobalSection(ProjectConfigurationPlatforms) = postSolution
		{7A623943-EA3C-4EEF-BB48-0DD84634F918}.Debug|Any CPU.ActiveCfg = Debug|Any CPU
		{7A623943-EA3C-4EEF-BB48-0DD84634F918}.Debug|Any CPU.Build.0 = Debug|Any CPU
		{7A623943-EA3C-4EEF-BB48-0DD84634F918}.Release|Any CPU.ActiveCfg = Release|Any CPU
		{7A623943-EA3C-4EEF-BB48-0DD84634F918}.Release|Any CPU.Build.0 = Release|Any CPU
		{C3BFE005-92CB-473B-A2DF-3FD4F23D3D27}.Debug|Any CPU.ActiveCfg = Debug|Any CPU
		{C3BFE005-92CB-473B-A2DF-3FD4F23D3D27}.Debug|Any CPU.Build.0 = Debug|Any CPU
		{C3BFE005-92CB-473B-A2DF-3FD4F23D3D27}.Release|Any CPU.ActiveCfg = Release|Any CPU
		{C3BFE005-92CB-473B-A2DF-3FD4F23D3D27}.Release|Any CPU.Build.0 = Release|Any CPU
		{29C92D99-8BE2-42F9-8195-7223F5631959}.Debug|Any CPU.ActiveCfg = Debug|Any CPU
		{29C92D99-8BE2-42F9-8195-7223F5631959}.Debug|Any CPU.Build.0 = Debug|Any CPU
		{29C92D99-8BE2-42F9-8195-7223F5631959}.Release|Any CPU.ActiveCfg = Release|Any CPU
		{29C92D99-8BE2-42F9-8195-7223F5631959}.Release|Any CPU.Build.0 = Release|Any CPU
		{E8BF67AB-1C3A-41E1-A552-ABCCBEB80244}.Debug|Any CPU.ActiveCfg = Debug|Any CPU
		{E8BF67AB-1C3A-41E1-A552-ABCCBEB80244}.Debug|Any CPU.Build.0 = Debug|Any CPU
		{E8BF67AB-1C3A-41E1-A552-ABCCBEB80244}.Release|Any CPU.ActiveCfg = Release|Any CPU
		{E8BF67AB-1C3A-41E1-A552-ABCCBEB80244}.Release|Any CPU.Build.0 = Release|Any CPU
		{E55EB9B4-638E-4C80-8FB5-4962B7AC2A7E}.Debug|Any CPU.ActiveCfg = Debug|Any CPU
		{E55EB9B4-638E-4C80-8FB5-4962B7AC2A7E}.Debug|Any CPU.Build.0 = Debug|Any CPU
		{E55EB9B4-638E-4C80-8FB5-4962B7AC2A7E}.Release|Any CPU.ActiveCfg = Release|Any CPU
		{E55EB9B4-638E-4C80-8FB5-4962B7AC2A7E}.Release|Any CPU.Build.0 = Release|Any CPU
		{40B0AE6F-09EA-42A1-998E-FF2B8BC4A7EF}.Debug|Any CPU.ActiveCfg = Debug|Any CPU
		{40B0AE6F-09EA-42A1-998E-FF2B8BC4A7EF}.Debug|Any CPU.Build.0 = Debug|Any CPU
		{40B0AE6F-09EA-42A1-998E-FF2B8BC4A7EF}.Release|Any CPU.ActiveCfg = Release|Any CPU
		{40B0AE6F-09EA-42A1-998E-FF2B8BC4A7EF}.Release|Any CPU.Build.0 = Release|Any CPU
		{91F9BE5D-8597-4942-9ADF-4E2BA8D7FEF7}.Debug|Any CPU.ActiveCfg = Debug|Any CPU
		{91F9BE5D-8597-4942-9ADF-4E2BA8D7FEF7}.Debug|Any CPU.Build.0 = Debug|Any CPU
		{91F9BE5D-8597-4942-9ADF-4E2BA8D7FEF7}.Release|Any CPU.ActiveCfg = Release|Any CPU
		{91F9BE5D-8597-4942-9ADF-4E2BA8D7FEF7}.Release|Any CPU.Build.0 = Release|Any CPU
		{F8057B34-815E-4DD6-8991-6B3CC98419A9}.Debug|Any CPU.ActiveCfg = Debug|Any CPU
		{F8057B34-815E-4DD6-8991-6B3CC98419A9}.Debug|Any CPU.Build.0 = Debug|Any CPU
		{F8057B34-815E-4DD6-8991-6B3CC98419A9}.Release|Any CPU.ActiveCfg = Release|Any CPU
		{F8057B34-815E-4DD6-8991-6B3CC98419A9}.Release|Any CPU.Build.0 = Release|Any CPU
		{B9FD4145-666D-4C49-9CF4-8911F6526E7F}.Debug|Any CPU.ActiveCfg = Debug|Any CPU
		{B9FD4145-666D-4C49-9CF4-8911F6526E7F}.Debug|Any CPU.Build.0 = Debug|Any CPU
		{B9FD4145-666D-4C49-9CF4-8911F6526E7F}.Release|Any CPU.ActiveCfg = Release|Any CPU
		{B9FD4145-666D-4C49-9CF4-8911F6526E7F}.Release|Any CPU.Build.0 = Release|Any CPU
		{464DB53B-9541-4DF4-9D05-4935834E0F68}.Debug|Any CPU.ActiveCfg = Debug|Any CPU
		{464DB53B-9541-4DF4-9D05-4935834E0F68}.Debug|Any CPU.Build.0 = Debug|Any CPU
		{464DB53B-9541-4DF4-9D05-4935834E0F68}.Release|Any CPU.ActiveCfg = Release|Any CPU
		{464DB53B-9541-4DF4-9D05-4935834E0F68}.Release|Any CPU.Build.0 = Release|Any CPU
		{335CE371-D1B3-4F53-A017-A24FF5EB6CA9}.Debug|Any CPU.ActiveCfg = Debug|Any CPU
		{335CE371-D1B3-4F53-A017-A24FF5EB6CA9}.Debug|Any CPU.Build.0 = Debug|Any CPU
		{335CE371-D1B3-4F53-A017-A24FF5EB6CA9}.Release|Any CPU.ActiveCfg = Release|Any CPU
		{335CE371-D1B3-4F53-A017-A24FF5EB6CA9}.Release|Any CPU.Build.0 = Release|Any CPU
		{D710AB6D-24C5-41B6-BA35-97F2C44F6315}.Debug|Any CPU.ActiveCfg = Debug|Any CPU
		{D710AB6D-24C5-41B6-BA35-97F2C44F6315}.Debug|Any CPU.Build.0 = Debug|Any CPU
		{D710AB6D-24C5-41B6-BA35-97F2C44F6315}.Release|Any CPU.ActiveCfg = Release|Any CPU
		{D710AB6D-24C5-41B6-BA35-97F2C44F6315}.Release|Any CPU.Build.0 = Release|Any CPU
		{A7E78391-F3DA-457A-9010-4C02600EFD4F}.Debug|Any CPU.ActiveCfg = Debug|Any CPU
		{A7E78391-F3DA-457A-9010-4C02600EFD4F}.Debug|Any CPU.Build.0 = Debug|Any CPU
		{A7E78391-F3DA-457A-9010-4C02600EFD4F}.Release|Any CPU.ActiveCfg = Release|Any CPU
		{A7E78391-F3DA-457A-9010-4C02600EFD4F}.Release|Any CPU.Build.0 = Release|Any CPU
		{297BD385-A7F3-4D42-BD0C-4A3F6DDBCD96}.Debug|Any CPU.ActiveCfg = Debug|Any CPU
		{297BD385-A7F3-4D42-BD0C-4A3F6DDBCD96}.Debug|Any CPU.Build.0 = Debug|Any CPU
		{297BD385-A7F3-4D42-BD0C-4A3F6DDBCD96}.Release|Any CPU.ActiveCfg = Release|Any CPU
		{297BD385-A7F3-4D42-BD0C-4A3F6DDBCD96}.Release|Any CPU.Build.0 = Release|Any CPU
	EndGlobalSection
	GlobalSection(SolutionProperties) = preSolution
		HideSolutionNode = FALSE
	EndGlobalSection
EndGlobal
