
Microsoft Visual Studio Solution File, Format Version 12.00
# Visual Studio 2013
VisualStudioVersion = 12.0.21005.1
MinimumVisualStudioVersion = 10.0.40219.1
Project("{FAE04EC0-301F-11D3-BF4B-00C04F79EFBC}") = "01 ClassChef", "01 ClassChef\01 ClassChef.csproj", "{D8C185F0-B3BC-46E9-8EB2-9F6DDE45BA85}"
EndProject
Project("{FAE04EC0-301F-11D3-BF4B-00C04F79EFBC}") = "02 IfStatements", "02 IfStatements\02 IfStatements.csproj", "{8C9F5861-3FBA-4BC9-9636-8E9034F80793}"
EndProject
Project("{FAE04EC0-301F-11D3-BF4B-00C04F79EFBC}") = "03 RefactorTheLoop", "03 RefactorTheLoop\03 RefactorTheLoop.csproj", "{9997AFFA-286F-4738-B426-DB647BFD9194}"
EndProject
Project("{FAE04EC0-301F-11D3-BF4B-00C04F79EFBC}") = "ThreeNumbers", "ThreeNumbers\ThreeNumbers.csproj", "{B088333A-EC5E-42A2-BF12-374143C16300}"
EndProject
Project("{FAE04EC0-301F-11D3-BF4B-00C04F79EFBC}") = "Decoding", "Decoding\Decoding.csproj", "{CD5A83C6-13AE-4573-9C92-525EFA1A91F8}"
EndProject
Project("{FAE04EC0-301F-11D3-BF4B-00C04F79EFBC}") = "ConsoleApplication1", "ConsoleApplication1\ConsoleApplication1.csproj", "{C60E1FAD-8542-4F0C-AA88-9D155A3F8F9F}"
EndProject
Global
	GlobalSection(SolutionConfigurationPlatforms) = preSolution
		Debug|Any CPU = Debug|Any CPU
		Release|Any CPU = Release|Any CPU
	EndGlobalSection
	GlobalSection(ProjectConfigurationPlatforms) = postSolution
		{D8C185F0-B3BC-46E9-8EB2-9F6DDE45BA85}.Debug|Any CPU.ActiveCfg = Debug|Any CPU
		{D8C185F0-B3BC-46E9-8EB2-9F6DDE45BA85}.Debug|Any CPU.Build.0 = Debug|Any CPU
		{D8C185F0-B3BC-46E9-8EB2-9F6DDE45BA85}.Release|Any CPU.ActiveCfg = Release|Any CPU
		{D8C185F0-B3BC-46E9-8EB2-9F6DDE45BA85}.Release|Any CPU.Build.0 = Release|Any CPU
		{8C9F5861-3FBA-4BC9-9636-8E9034F80793}.Debug|Any CPU.ActiveCfg = Debug|Any CPU
		{8C9F5861-3FBA-4BC9-9636-8E9034F80793}.Debug|Any CPU.Build.0 = Debug|Any CPU
		{8C9F5861-3FBA-4BC9-9636-8E9034F80793}.Release|Any CPU.ActiveCfg = Release|Any CPU
		{8C9F5861-3FBA-4BC9-9636-8E9034F80793}.Release|Any CPU.Build.0 = Release|Any CPU
		{9997AFFA-286F-4738-B426-DB647BFD9194}.Debug|Any CPU.ActiveCfg = Debug|Any CPU
		{9997AFFA-286F-4738-B426-DB647BFD9194}.Debug|Any CPU.Build.0 = Debug|Any CPU
		{9997AFFA-286F-4738-B426-DB647BFD9194}.Release|Any CPU.ActiveCfg = Release|Any CPU
		{9997AFFA-286F-4738-B426-DB647BFD9194}.Release|Any CPU.Build.0 = Release|Any CPU
		{B088333A-EC5E-42A2-BF12-374143C16300}.Debug|Any CPU.ActiveCfg = Debug|Any CPU
		{B088333A-EC5E-42A2-BF12-374143C16300}.Debug|Any CPU.Build.0 = Debug|Any CPU
		{B088333A-EC5E-42A2-BF12-374143C16300}.Release|Any CPU.ActiveCfg = Release|Any CPU
		{B088333A-EC5E-42A2-BF12-374143C16300}.Release|Any CPU.Build.0 = Release|Any CPU
		{CD5A83C6-13AE-4573-9C92-525EFA1A91F8}.Debug|Any CPU.ActiveCfg = Debug|Any CPU
		{CD5A83C6-13AE-4573-9C92-525EFA1A91F8}.Debug|Any CPU.Build.0 = Debug|Any CPU
		{CD5A83C6-13AE-4573-9C92-525EFA1A91F8}.Release|Any CPU.ActiveCfg = Release|Any CPU
		{CD5A83C6-13AE-4573-9C92-525EFA1A91F8}.Release|Any CPU.Build.0 = Release|Any CPU
		{C60E1FAD-8542-4F0C-AA88-9D155A3F8F9F}.Debug|Any CPU.ActiveCfg = Debug|Any CPU
		{C60E1FAD-8542-4F0C-AA88-9D155A3F8F9F}.Debug|Any CPU.Build.0 = Debug|Any CPU
		{C60E1FAD-8542-4F0C-AA88-9D155A3F8F9F}.Release|Any CPU.ActiveCfg = Release|Any CPU
		{C60E1FAD-8542-4F0C-AA88-9D155A3F8F9F}.Release|Any CPU.Build.0 = Release|Any CPU
	EndGlobalSection
	GlobalSection(SolutionProperties) = preSolution
		HideSolutionNode = FALSE
	EndGlobalSection
EndGlobal
