
Microsoft Visual Studio Solution File, Format Version 12.00
# Visual Studio 2013
VisualStudioVersion = 12.0.30501.0
MinimumVisualStudioVersion = 10.0.40219.1
Project("{FAE04EC0-301F-11D3-BF4B-00C04F79EFBC}") = "04 HelloCSharp", "HelloCSharp\04 HelloCSharp.csproj", "{21A36BA3-59F6-4B50-A75E-212219CE392D}"
EndProject
Project("{FAE04EC0-301F-11D3-BF4B-00C04F79EFBC}") = "05 PrintMyName", "PrintMyName\05 PrintMyName.csproj", "{EAC68DEA-82F2-4A8F-AC0F-2980CEA47D71}"
EndProject
Project("{FAE04EC0-301F-11D3-BF4B-00C04F79EFBC}") = "06 PrintNumbers", "PrintNumbers\06 PrintNumbers.csproj", "{18E0009D-5E6F-424B-BE9F-F4CC63E06984}"
EndProject
Project("{FAE04EC0-301F-11D3-BF4B-00C04F79EFBC}") = "07 PrintFirstAndLastName", "PrintFirstAndLastName\07 PrintFirstAndLastName.csproj", "{44DCEAFD-E543-493C-B9AC-3803E5963B40}"
EndProject
Project("{FAE04EC0-301F-11D3-BF4B-00C04F79EFBC}") = "08 SquareRoot", "SquareRoot\08 SquareRoot.csproj", "{4EC94A4D-519C-4646-A7E9-1CFABEDA7DF0}"
EndProject
Project("{FAE04EC0-301F-11D3-BF4B-00C04F79EFBC}") = "09 PrintSequence", "PrintSequence\09 PrintSequence.csproj", "{EA1E6A55-8344-4EF2-AB84-DA09C70D58E4}"
EndProject
Project("{FAE04EC0-301F-11D3-BF4B-00C04F79EFBC}") = "10 ReformatCode", "ReformatCode\10 ReformatCode.csproj", "{D00C000B-C6F5-451D-9C2F-E925C8329264}"
EndProject
Project("{FAE04EC0-301F-11D3-BF4B-00C04F79EFBC}") = "14 CurrentDateAndTime", "CurrentDateAndTime\14 CurrentDateAndTime.csproj", "{67F78F08-EF97-4DEC-8C96-E2C9E9DAACDB}"
EndProject
Project("{FAE04EC0-301F-11D3-BF4B-00C04F79EFBC}") = "15 AgeAfterTenYears", "AgeAfterTenYears\15 AgeAfterTenYears.csproj", "{869292FC-AC45-408F-9021-C8B5E7ED84E3}"
EndProject
Project("{FAE04EC0-301F-11D3-BF4B-00C04F79EFBC}") = "16 PrintLongSequence", "PrintLongSequence\16 PrintLongSequence.csproj", "{1DB06C77-743B-44AA-ACCA-40592F183614}"
EndProject
Global
	GlobalSection(SolutionConfigurationPlatforms) = preSolution
		Debug|Any CPU = Debug|Any CPU
		Release|Any CPU = Release|Any CPU
	EndGlobalSection
	GlobalSection(ProjectConfigurationPlatforms) = postSolution
		{21A36BA3-59F6-4B50-A75E-212219CE392D}.Debug|Any CPU.ActiveCfg = Debug|Any CPU
		{21A36BA3-59F6-4B50-A75E-212219CE392D}.Debug|Any CPU.Build.0 = Debug|Any CPU
		{21A36BA3-59F6-4B50-A75E-212219CE392D}.Release|Any CPU.ActiveCfg = Release|Any CPU
		{21A36BA3-59F6-4B50-A75E-212219CE392D}.Release|Any CPU.Build.0 = Release|Any CPU
		{EAC68DEA-82F2-4A8F-AC0F-2980CEA47D71}.Debug|Any CPU.ActiveCfg = Debug|Any CPU
		{EAC68DEA-82F2-4A8F-AC0F-2980CEA47D71}.Debug|Any CPU.Build.0 = Debug|Any CPU
		{EAC68DEA-82F2-4A8F-AC0F-2980CEA47D71}.Release|Any CPU.ActiveCfg = Release|Any CPU
		{EAC68DEA-82F2-4A8F-AC0F-2980CEA47D71}.Release|Any CPU.Build.0 = Release|Any CPU
		{18E0009D-5E6F-424B-BE9F-F4CC63E06984}.Debug|Any CPU.ActiveCfg = Debug|Any CPU
		{18E0009D-5E6F-424B-BE9F-F4CC63E06984}.Debug|Any CPU.Build.0 = Debug|Any CPU
		{18E0009D-5E6F-424B-BE9F-F4CC63E06984}.Release|Any CPU.ActiveCfg = Release|Any CPU
		{18E0009D-5E6F-424B-BE9F-F4CC63E06984}.Release|Any CPU.Build.0 = Release|Any CPU
		{44DCEAFD-E543-493C-B9AC-3803E5963B40}.Debug|Any CPU.ActiveCfg = Debug|Any CPU
		{44DCEAFD-E543-493C-B9AC-3803E5963B40}.Debug|Any CPU.Build.0 = Debug|Any CPU
		{44DCEAFD-E543-493C-B9AC-3803E5963B40}.Release|Any CPU.ActiveCfg = Release|Any CPU
		{44DCEAFD-E543-493C-B9AC-3803E5963B40}.Release|Any CPU.Build.0 = Release|Any CPU
		{4EC94A4D-519C-4646-A7E9-1CFABEDA7DF0}.Debug|Any CPU.ActiveCfg = Debug|Any CPU
		{4EC94A4D-519C-4646-A7E9-1CFABEDA7DF0}.Debug|Any CPU.Build.0 = Debug|Any CPU
		{4EC94A4D-519C-4646-A7E9-1CFABEDA7DF0}.Release|Any CPU.ActiveCfg = Release|Any CPU
		{4EC94A4D-519C-4646-A7E9-1CFABEDA7DF0}.Release|Any CPU.Build.0 = Release|Any CPU
		{EA1E6A55-8344-4EF2-AB84-DA09C70D58E4}.Debug|Any CPU.ActiveCfg = Debug|Any CPU
		{EA1E6A55-8344-4EF2-AB84-DA09C70D58E4}.Debug|Any CPU.Build.0 = Debug|Any CPU
		{EA1E6A55-8344-4EF2-AB84-DA09C70D58E4}.Release|Any CPU.ActiveCfg = Release|Any CPU
		{EA1E6A55-8344-4EF2-AB84-DA09C70D58E4}.Release|Any CPU.Build.0 = Release|Any CPU
		{D00C000B-C6F5-451D-9C2F-E925C8329264}.Debug|Any CPU.ActiveCfg = Debug|Any CPU
		{D00C000B-C6F5-451D-9C2F-E925C8329264}.Debug|Any CPU.Build.0 = Debug|Any CPU
		{D00C000B-C6F5-451D-9C2F-E925C8329264}.Release|Any CPU.ActiveCfg = Release|Any CPU
		{D00C000B-C6F5-451D-9C2F-E925C8329264}.Release|Any CPU.Build.0 = Release|Any CPU
		{67F78F08-EF97-4DEC-8C96-E2C9E9DAACDB}.Debug|Any CPU.ActiveCfg = Debug|Any CPU
		{67F78F08-EF97-4DEC-8C96-E2C9E9DAACDB}.Debug|Any CPU.Build.0 = Debug|Any CPU
		{67F78F08-EF97-4DEC-8C96-E2C9E9DAACDB}.Release|Any CPU.ActiveCfg = Release|Any CPU
		{67F78F08-EF97-4DEC-8C96-E2C9E9DAACDB}.Release|Any CPU.Build.0 = Release|Any CPU
		{869292FC-AC45-408F-9021-C8B5E7ED84E3}.Debug|Any CPU.ActiveCfg = Debug|Any CPU
		{869292FC-AC45-408F-9021-C8B5E7ED84E3}.Debug|Any CPU.Build.0 = Debug|Any CPU
		{869292FC-AC45-408F-9021-C8B5E7ED84E3}.Release|Any CPU.ActiveCfg = Release|Any CPU
		{869292FC-AC45-408F-9021-C8B5E7ED84E3}.Release|Any CPU.Build.0 = Release|Any CPU
		{1DB06C77-743B-44AA-ACCA-40592F183614}.Debug|Any CPU.ActiveCfg = Debug|Any CPU
		{1DB06C77-743B-44AA-ACCA-40592F183614}.Debug|Any CPU.Build.0 = Debug|Any CPU
		{1DB06C77-743B-44AA-ACCA-40592F183614}.Release|Any CPU.ActiveCfg = Release|Any CPU
		{1DB06C77-743B-44AA-ACCA-40592F183614}.Release|Any CPU.Build.0 = Release|Any CPU
	EndGlobalSection
	GlobalSection(SolutionProperties) = preSolution
		HideSolutionNode = FALSE
	EndGlobalSection
EndGlobal
