
Microsoft Visual Studio Solution File, Format Version 12.00
# Visual Studio 2013
VisualStudioVersion = 12.0.21005.1
MinimumVisualStudioVersion = 10.0.40219.1
Project("{FAE04EC0-301F-11D3-BF4B-00C04F79EFBC}") = "01 Shapes", "01 Shapes\01 Shapes.csproj", "{D4CA474E-805D-4F1D-87DF-DA83D556B53F}"
EndProject
Project("{FAE04EC0-301F-11D3-BF4B-00C04F79EFBC}") = "03 RangeExceptions", "03 RangeExceptions\03 RangeExceptions.csproj", "{2150FD63-A3EF-47F7-9080-53CACAEC0504}"
EndProject
Project("{FAE04EC0-301F-11D3-BF4B-00C04F79EFBC}") = "02 BankAccounts", "02 BankAccounts\02 BankAccounts.csproj", "{21A20574-85EF-430B-836B-2EBAB3C3D776}"
EndProject
Global
	GlobalSection(SolutionConfigurationPlatforms) = preSolution
		Debug|Any CPU = Debug|Any CPU
		Release|Any CPU = Release|Any CPU
	EndGlobalSection
	GlobalSection(ProjectConfigurationPlatforms) = postSolution
		{D4CA474E-805D-4F1D-87DF-DA83D556B53F}.Debug|Any CPU.ActiveCfg = Debug|Any CPU
		{D4CA474E-805D-4F1D-87DF-DA83D556B53F}.Debug|Any CPU.Build.0 = Debug|Any CPU
		{D4CA474E-805D-4F1D-87DF-DA83D556B53F}.Release|Any CPU.ActiveCfg = Release|Any CPU
		{D4CA474E-805D-4F1D-87DF-DA83D556B53F}.Release|Any CPU.Build.0 = Release|Any CPU
		{2150FD63-A3EF-47F7-9080-53CACAEC0504}.Debug|Any CPU.ActiveCfg = Debug|Any CPU
		{2150FD63-A3EF-47F7-9080-53CACAEC0504}.Debug|Any CPU.Build.0 = Debug|Any CPU
		{2150FD63-A3EF-47F7-9080-53CACAEC0504}.Release|Any CPU.ActiveCfg = Release|Any CPU
		{2150FD63-A3EF-47F7-9080-53CACAEC0504}.Release|Any CPU.Build.0 = Release|Any CPU
		{21A20574-85EF-430B-836B-2EBAB3C3D776}.Debug|Any CPU.ActiveCfg = Debug|Any CPU
		{21A20574-85EF-430B-836B-2EBAB3C3D776}.Debug|Any CPU.Build.0 = Debug|Any CPU
		{21A20574-85EF-430B-836B-2EBAB3C3D776}.Release|Any CPU.ActiveCfg = Release|Any CPU
		{21A20574-85EF-430B-836B-2EBAB3C3D776}.Release|Any CPU.Build.0 = Release|Any CPU
	EndGlobalSection
	GlobalSection(SolutionProperties) = preSolution
		HideSolutionNode = FALSE
	EndGlobalSection
EndGlobal
