
Microsoft Visual Studio Solution File, Format Version 12.00
# Visual Studio 2013
VisualStudioVersion = 12.0.21005.1
MinimumVisualStudioVersion = 10.0.40219.1
Project("{FAE04EC0-301F-11D3-BF4B-00C04F79EFBC}") = "01-03 Student", "01-03 Student\01-03 Student.csproj", "{AED44BB4-426B-47FB-9225-F947A693887E}"
EndProject
Project("{FAE04EC0-301F-11D3-BF4B-00C04F79EFBC}") = "04 Person", "04 Person\04 Person.csproj", "{6472A0E5-EB4E-4354-B4E5-27F859549653}"
EndProject
Project("{FAE04EC0-301F-11D3-BF4B-00C04F79EFBC}") = "05 64BitArray", "05 64BitArray\05 64BitArray.csproj", "{1DE62833-F086-484B-8665-6BC9E2552B58}"
EndProject
Global
	GlobalSection(SolutionConfigurationPlatforms) = preSolution
		Debug|Any CPU = Debug|Any CPU
		Release|Any CPU = Release|Any CPU
	EndGlobalSection
	GlobalSection(ProjectConfigurationPlatforms) = postSolution
		{AED44BB4-426B-47FB-9225-F947A693887E}.Debug|Any CPU.ActiveCfg = Debug|Any CPU
		{AED44BB4-426B-47FB-9225-F947A693887E}.Debug|Any CPU.Build.0 = Debug|Any CPU
		{AED44BB4-426B-47FB-9225-F947A693887E}.Release|Any CPU.ActiveCfg = Release|Any CPU
		{AED44BB4-426B-47FB-9225-F947A693887E}.Release|Any CPU.Build.0 = Release|Any CPU
		{6472A0E5-EB4E-4354-B4E5-27F859549653}.Debug|Any CPU.ActiveCfg = Debug|Any CPU
		{6472A0E5-EB4E-4354-B4E5-27F859549653}.Debug|Any CPU.Build.0 = Debug|Any CPU
		{6472A0E5-EB4E-4354-B4E5-27F859549653}.Release|Any CPU.ActiveCfg = Release|Any CPU
		{6472A0E5-EB4E-4354-B4E5-27F859549653}.Release|Any CPU.Build.0 = Release|Any CPU
		{1DE62833-F086-484B-8665-6BC9E2552B58}.Debug|Any CPU.ActiveCfg = Debug|Any CPU
		{1DE62833-F086-484B-8665-6BC9E2552B58}.Debug|Any CPU.Build.0 = Debug|Any CPU
		{1DE62833-F086-484B-8665-6BC9E2552B58}.Release|Any CPU.ActiveCfg = Release|Any CPU
		{1DE62833-F086-484B-8665-6BC9E2552B58}.Release|Any CPU.Build.0 = Release|Any CPU
	EndGlobalSection
	GlobalSection(SolutionProperties) = preSolution
		HideSolutionNode = FALSE
	EndGlobalSection
EndGlobal
