
Microsoft Visual Studio Solution File, Format Version 12.00
# Visual Studio 2013
VisualStudioVersion = 12.0.30501.0
MinimumVisualStudioVersion = 10.0.40219.1
Project("{FAE04EC0-301F-11D3-BF4B-00C04F79EFBC}") = "01 NumbersFromOneToN", "01 NumbersFromOneToN\01 NumbersFromOneToN.csproj", "{BE78C08C-77DB-45EF-A332-DA4BE8E50C0F}"
EndProject
Project("{FAE04EC0-301F-11D3-BF4B-00C04F79EFBC}") = "02 NumbersNotDivisibleByThreeAndSeven", "02 NumbersNotDivisibleByThreeAndSeven\02 NumbersNotDivisibleByThreeAndSeven.csproj", "{E612BA9E-4186-4297-BBF5-8CD2B2FDDD90}"
EndProject
Project("{FAE04EC0-301F-11D3-BF4B-00C04F79EFBC}") = "03 MinMaxSumAverageOfNumbers", "03 MinMaxSumAverageOfNumbers\03 MinMaxSumAverageOfNumbers.csproj", "{2D147EF8-2A75-4E36-8927-1CAD938F9606}"
EndProject
Project("{FAE04EC0-301F-11D3-BF4B-00C04F79EFBC}") = "04 PrintDeckOfCards", "04 PrintDeckOfCards\04 PrintDeckOfCards.csproj", "{27D8C619-CD17-4EF9-9AC5-CD4FB7FF691E}"
EndProject
Project("{FAE04EC0-301F-11D3-BF4B-00C04F79EFBC}") = "05 CalculateSum", "05 CalculateSum\05 CalculateSum.csproj", "{BBF786D9-174E-4755-855B-D9D07EBE393B}"
EndProject
Project("{FAE04EC0-301F-11D3-BF4B-00C04F79EFBC}") = "06 CalculateFactorielDivision", "06 CalculateFactorielDivision\06 CalculateFactorielDivision.csproj", "{D8AD746D-3685-49BA-B827-4BB23DB17B7E}"
EndProject
Project("{FAE04EC0-301F-11D3-BF4B-00C04F79EFBC}") = "07 CalculateCombinations", "07 CalculateCombinations\07 CalculateCombinations.csproj", "{B97E36DF-33A4-4434-8CDF-DD405CA8C7D0}"
EndProject
Project("{FAE04EC0-301F-11D3-BF4B-00C04F79EFBC}") = "08 CatalanNumbers", "08 CatalanNumbers\08 CatalanNumbers.csproj", "{2407A9EE-A4C8-41EB-AF22-68A871F8176B}"
EndProject
Project("{FAE04EC0-301F-11D3-BF4B-00C04F79EFBC}") = "09 MatrixOfNumbers", "09 MatrixOfNumbers\09 MatrixOfNumbers.csproj", "{A162A2ED-DAFB-4A6A-B440-DAE3CAC223BB}"
EndProject
Project("{FAE04EC0-301F-11D3-BF4B-00C04F79EFBC}") = "10 OddAndEvenProduct", "10 OddAndEvenProduct\10 OddAndEvenProduct.csproj", "{A30DE46C-2691-4413-A149-3C2710F53C9D}"
EndProject
Project("{FAE04EC0-301F-11D3-BF4B-00C04F79EFBC}") = "11 RandomNumbersInGivenRange", "11 RandomNumbersInGivenRange\11 RandomNumbersInGivenRange.csproj", "{C709B5C6-4228-4D91-ADA1-9D592A7B87F8}"
EndProject
Project("{FAE04EC0-301F-11D3-BF4B-00C04F79EFBC}") = "12 RandomizeTheNumbers", "12 RandomizeTheNumbers\12 RandomizeTheNumbers.csproj", "{06EA3BFF-31C5-4072-8646-D5A94E80EC3E}"
EndProject
Project("{FAE04EC0-301F-11D3-BF4B-00C04F79EFBC}") = "13 BinaryToDecimalNumber", "13 BinaryToDecimalNumber\13 BinaryToDecimalNumber.csproj", "{267A9485-9EBA-469B-A03A-5DC9547F47C5}"
EndProject
Project("{FAE04EC0-301F-11D3-BF4B-00C04F79EFBC}") = "14 DecimalToBinaryNumber", "14 DecimalToBinaryNumber\14 DecimalToBinaryNumber.csproj", "{ACFBA2F6-E221-4A81-AB6F-634E444CEA79}"
EndProject
Project("{FAE04EC0-301F-11D3-BF4B-00C04F79EFBC}") = "15 HexadecimalToDecimalNumber", "15 HexadecimalToDecimalNumber\15 HexadecimalToDecimalNumber.csproj", "{90CB5C42-B381-4AC5-9AAD-C8743CEC9464}"
EndProject
Project("{FAE04EC0-301F-11D3-BF4B-00C04F79EFBC}") = "16 DecimalToHexadecimalNumber", "16 DecimalToHexadecimalNumber\16 DecimalToHexadecimalNumber.csproj", "{92F373CF-61DD-4B2E-A35A-053A7C20954C}"
EndProject
Project("{FAE04EC0-301F-11D3-BF4B-00C04F79EFBC}") = "17 CalculateGCD", "17 CalculateGCD\17 CalculateGCD.csproj", "{371D061F-7208-466A-96BA-CA1B7D45C270}"
EndProject
Project("{FAE04EC0-301F-11D3-BF4B-00C04F79EFBC}") = "18 TrailingZeroes", "18 TrailingZeroes\18 TrailingZeroes.csproj", "{C08539FA-1349-4376-B517-2E85C83AF102}"
EndProject
Project("{FAE04EC0-301F-11D3-BF4B-00C04F79EFBC}") = "19 SpiralMatrix", "19 SpiralMatrix\19 SpiralMatrix.csproj", "{41F5AD39-2DC4-4C77-8BF1-284528976C8D}"
EndProject
Global
	GlobalSection(SolutionConfigurationPlatforms) = preSolution
		Debug|Any CPU = Debug|Any CPU
		Release|Any CPU = Release|Any CPU
	EndGlobalSection
	GlobalSection(ProjectConfigurationPlatforms) = postSolution
		{BE78C08C-77DB-45EF-A332-DA4BE8E50C0F}.Debug|Any CPU.ActiveCfg = Debug|Any CPU
		{BE78C08C-77DB-45EF-A332-DA4BE8E50C0F}.Debug|Any CPU.Build.0 = Debug|Any CPU
		{BE78C08C-77DB-45EF-A332-DA4BE8E50C0F}.Release|Any CPU.ActiveCfg = Release|Any CPU
		{BE78C08C-77DB-45EF-A332-DA4BE8E50C0F}.Release|Any CPU.Build.0 = Release|Any CPU
		{E612BA9E-4186-4297-BBF5-8CD2B2FDDD90}.Debug|Any CPU.ActiveCfg = Debug|Any CPU
		{E612BA9E-4186-4297-BBF5-8CD2B2FDDD90}.Debug|Any CPU.Build.0 = Debug|Any CPU
		{E612BA9E-4186-4297-BBF5-8CD2B2FDDD90}.Release|Any CPU.ActiveCfg = Release|Any CPU
		{E612BA9E-4186-4297-BBF5-8CD2B2FDDD90}.Release|Any CPU.Build.0 = Release|Any CPU
		{2D147EF8-2A75-4E36-8927-1CAD938F9606}.Debug|Any CPU.ActiveCfg = Debug|Any CPU
		{2D147EF8-2A75-4E36-8927-1CAD938F9606}.Debug|Any CPU.Build.0 = Debug|Any CPU
		{2D147EF8-2A75-4E36-8927-1CAD938F9606}.Release|Any CPU.ActiveCfg = Release|Any CPU
		{2D147EF8-2A75-4E36-8927-1CAD938F9606}.Release|Any CPU.Build.0 = Release|Any CPU
		{27D8C619-CD17-4EF9-9AC5-CD4FB7FF691E}.Debug|Any CPU.ActiveCfg = Debug|Any CPU
		{27D8C619-CD17-4EF9-9AC5-CD4FB7FF691E}.Debug|Any CPU.Build.0 = Debug|Any CPU
		{27D8C619-CD17-4EF9-9AC5-CD4FB7FF691E}.Release|Any CPU.ActiveCfg = Release|Any CPU
		{27D8C619-CD17-4EF9-9AC5-CD4FB7FF691E}.Release|Any CPU.Build.0 = Release|Any CPU
		{BBF786D9-174E-4755-855B-D9D07EBE393B}.Debug|Any CPU.ActiveCfg = Debug|Any CPU
		{BBF786D9-174E-4755-855B-D9D07EBE393B}.Debug|Any CPU.Build.0 = Debug|Any CPU
		{BBF786D9-174E-4755-855B-D9D07EBE393B}.Release|Any CPU.ActiveCfg = Release|Any CPU
		{BBF786D9-174E-4755-855B-D9D07EBE393B}.Release|Any CPU.Build.0 = Release|Any CPU
		{D8AD746D-3685-49BA-B827-4BB23DB17B7E}.Debug|Any CPU.ActiveCfg = Debug|Any CPU
		{D8AD746D-3685-49BA-B827-4BB23DB17B7E}.Debug|Any CPU.Build.0 = Debug|Any CPU
		{D8AD746D-3685-49BA-B827-4BB23DB17B7E}.Release|Any CPU.ActiveCfg = Release|Any CPU
		{D8AD746D-3685-49BA-B827-4BB23DB17B7E}.Release|Any CPU.Build.0 = Release|Any CPU
		{B97E36DF-33A4-4434-8CDF-DD405CA8C7D0}.Debug|Any CPU.ActiveCfg = Debug|Any CPU
		{B97E36DF-33A4-4434-8CDF-DD405CA8C7D0}.Debug|Any CPU.Build.0 = Debug|Any CPU
		{B97E36DF-33A4-4434-8CDF-DD405CA8C7D0}.Release|Any CPU.ActiveCfg = Release|Any CPU
		{B97E36DF-33A4-4434-8CDF-DD405CA8C7D0}.Release|Any CPU.Build.0 = Release|Any CPU
		{2407A9EE-A4C8-41EB-AF22-68A871F8176B}.Debug|Any CPU.ActiveCfg = Debug|Any CPU
		{2407A9EE-A4C8-41EB-AF22-68A871F8176B}.Debug|Any CPU.Build.0 = Debug|Any CPU
		{2407A9EE-A4C8-41EB-AF22-68A871F8176B}.Release|Any CPU.ActiveCfg = Release|Any CPU
		{2407A9EE-A4C8-41EB-AF22-68A871F8176B}.Release|Any CPU.Build.0 = Release|Any CPU
		{A162A2ED-DAFB-4A6A-B440-DAE3CAC223BB}.Debug|Any CPU.ActiveCfg = Debug|Any CPU
		{A162A2ED-DAFB-4A6A-B440-DAE3CAC223BB}.Debug|Any CPU.Build.0 = Debug|Any CPU
		{A162A2ED-DAFB-4A6A-B440-DAE3CAC223BB}.Release|Any CPU.ActiveCfg = Release|Any CPU
		{A162A2ED-DAFB-4A6A-B440-DAE3CAC223BB}.Release|Any CPU.Build.0 = Release|Any CPU
		{A30DE46C-2691-4413-A149-3C2710F53C9D}.Debug|Any CPU.ActiveCfg = Debug|Any CPU
		{A30DE46C-2691-4413-A149-3C2710F53C9D}.Debug|Any CPU.Build.0 = Debug|Any CPU
		{A30DE46C-2691-4413-A149-3C2710F53C9D}.Release|Any CPU.ActiveCfg = Release|Any CPU
		{A30DE46C-2691-4413-A149-3C2710F53C9D}.Release|Any CPU.Build.0 = Release|Any CPU
		{C709B5C6-4228-4D91-ADA1-9D592A7B87F8}.Debug|Any CPU.ActiveCfg = Debug|Any CPU
		{C709B5C6-4228-4D91-ADA1-9D592A7B87F8}.Debug|Any CPU.Build.0 = Debug|Any CPU
		{C709B5C6-4228-4D91-ADA1-9D592A7B87F8}.Release|Any CPU.ActiveCfg = Release|Any CPU
		{C709B5C6-4228-4D91-ADA1-9D592A7B87F8}.Release|Any CPU.Build.0 = Release|Any CPU
		{06EA3BFF-31C5-4072-8646-D5A94E80EC3E}.Debug|Any CPU.ActiveCfg = Debug|Any CPU
		{06EA3BFF-31C5-4072-8646-D5A94E80EC3E}.Debug|Any CPU.Build.0 = Debug|Any CPU
		{06EA3BFF-31C5-4072-8646-D5A94E80EC3E}.Release|Any CPU.ActiveCfg = Release|Any CPU
		{06EA3BFF-31C5-4072-8646-D5A94E80EC3E}.Release|Any CPU.Build.0 = Release|Any CPU
		{267A9485-9EBA-469B-A03A-5DC9547F47C5}.Debug|Any CPU.ActiveCfg = Debug|Any CPU
		{267A9485-9EBA-469B-A03A-5DC9547F47C5}.Debug|Any CPU.Build.0 = Debug|Any CPU
		{267A9485-9EBA-469B-A03A-5DC9547F47C5}.Release|Any CPU.ActiveCfg = Release|Any CPU
		{267A9485-9EBA-469B-A03A-5DC9547F47C5}.Release|Any CPU.Build.0 = Release|Any CPU
		{ACFBA2F6-E221-4A81-AB6F-634E444CEA79}.Debug|Any CPU.ActiveCfg = Debug|Any CPU
		{ACFBA2F6-E221-4A81-AB6F-634E444CEA79}.Debug|Any CPU.Build.0 = Debug|Any CPU
		{ACFBA2F6-E221-4A81-AB6F-634E444CEA79}.Release|Any CPU.ActiveCfg = Release|Any CPU
		{ACFBA2F6-E221-4A81-AB6F-634E444CEA79}.Release|Any CPU.Build.0 = Release|Any CPU
		{90CB5C42-B381-4AC5-9AAD-C8743CEC9464}.Debug|Any CPU.ActiveCfg = Debug|Any CPU
		{90CB5C42-B381-4AC5-9AAD-C8743CEC9464}.Debug|Any CPU.Build.0 = Debug|Any CPU
		{90CB5C42-B381-4AC5-9AAD-C8743CEC9464}.Release|Any CPU.ActiveCfg = Release|Any CPU
		{90CB5C42-B381-4AC5-9AAD-C8743CEC9464}.Release|Any CPU.Build.0 = Release|Any CPU
		{92F373CF-61DD-4B2E-A35A-053A7C20954C}.Debug|Any CPU.ActiveCfg = Debug|Any CPU
		{92F373CF-61DD-4B2E-A35A-053A7C20954C}.Debug|Any CPU.Build.0 = Debug|Any CPU
		{92F373CF-61DD-4B2E-A35A-053A7C20954C}.Release|Any CPU.ActiveCfg = Release|Any CPU
		{92F373CF-61DD-4B2E-A35A-053A7C20954C}.Release|Any CPU.Build.0 = Release|Any CPU
		{371D061F-7208-466A-96BA-CA1B7D45C270}.Debug|Any CPU.ActiveCfg = Debug|Any CPU
		{371D061F-7208-466A-96BA-CA1B7D45C270}.Debug|Any CPU.Build.0 = Debug|Any CPU
		{371D061F-7208-466A-96BA-CA1B7D45C270}.Release|Any CPU.ActiveCfg = Release|Any CPU
		{371D061F-7208-466A-96BA-CA1B7D45C270}.Release|Any CPU.Build.0 = Release|Any CPU
		{C08539FA-1349-4376-B517-2E85C83AF102}.Debug|Any CPU.ActiveCfg = Debug|Any CPU
		{C08539FA-1349-4376-B517-2E85C83AF102}.Debug|Any CPU.Build.0 = Debug|Any CPU
		{C08539FA-1349-4376-B517-2E85C83AF102}.Release|Any CPU.ActiveCfg = Release|Any CPU
		{C08539FA-1349-4376-B517-2E85C83AF102}.Release|Any CPU.Build.0 = Release|Any CPU
		{41F5AD39-2DC4-4C77-8BF1-284528976C8D}.Debug|Any CPU.ActiveCfg = Debug|Any CPU
		{41F5AD39-2DC4-4C77-8BF1-284528976C8D}.Debug|Any CPU.Build.0 = Debug|Any CPU
		{41F5AD39-2DC4-4C77-8BF1-284528976C8D}.Release|Any CPU.ActiveCfg = Release|Any CPU
		{41F5AD39-2DC4-4C77-8BF1-284528976C8D}.Release|Any CPU.Build.0 = Release|Any CPU
	EndGlobalSection
	GlobalSection(SolutionProperties) = preSolution
		HideSolutionNode = FALSE
	EndGlobalSection
EndGlobal
