
Microsoft Visual Studio Solution File, Format Version 12.00
# Visual Studio 14
VisualStudioVersion = 14.0.23107.0
MinimumVisualStudioVersion = 10.0.40219.1
Project("{FAE04EC0-301F-11D3-BF4B-00C04F79EFBC}") = "1.SumAndAverageOfNumbers", "1.SumAndAverageOfNumbers\1.SumAndAverageOfNumbers.csproj", "{C158D4E4-2EC2-4788-B8F1-2F03FB5E1A6A}"
EndProject
Project("{FAE04EC0-301F-11D3-BF4B-00C04F79EFBC}") = "2.ReverseSequenceOfNumbers", "2.ReverseSequenceOfNumbers\2.ReverseSequenceOfNumbers.csproj", "{E8E952DB-E3E2-4286-963B-D05995596A90}"
EndProject
Project("{FAE04EC0-301F-11D3-BF4B-00C04F79EFBC}") = "3.SortSequenceInIncreasingOrder", "SortSequenceInIncreasingOrder\3.SortSequenceInIncreasingOrder.csproj", "{9D39AEE4-12BB-48C3-B006-EFE107F350BF}"
EndProject
Project("{FAE04EC0-301F-11D3-BF4B-00C04F79EFBC}") = "4.FindLongestSubsequenceOfEqualNumbers", "4.FindLongestSubsequenceOfEqualNumbers\4.FindLongestSubsequenceOfEqualNumbers.csproj", "{40D1E917-EAE9-478E-A902-ABB7892B5673}"
EndProject
Project("{FAE04EC0-301F-11D3-BF4B-00C04F79EFBC}") = "5.RemoveNegativeNumbers", "5.RemoveNegativeNumbers\5.RemoveNegativeNumbers.csproj", "{5E84EB0F-01FC-4D79-AC73-6620C6EEBCC9}"
EndProject
Project("{FAE04EC0-301F-11D3-BF4B-00C04F79EFBC}") = "6.RemoveOddOccurrence", "6.RemoveOddOccurence\6.RemoveOddOccurrence.csproj", "{E4EF2B0C-0365-43CB-AE5B-D43F5CF677A9}"
EndProject
Project("{FAE04EC0-301F-11D3-BF4B-00C04F79EFBC}") = "7.FindOccurrences", "7.FindOccurrences\7.FindOccurrences.csproj", "{301867F3-E26D-466C-B8BD-2AD3F55B278F}"
EndProject
Global
	GlobalSection(SolutionConfigurationPlatforms) = preSolution
		Debug|Any CPU = Debug|Any CPU
		Release|Any CPU = Release|Any CPU
	EndGlobalSection
	GlobalSection(ProjectConfigurationPlatforms) = postSolution
		{C158D4E4-2EC2-4788-B8F1-2F03FB5E1A6A}.Debug|Any CPU.ActiveCfg = Debug|Any CPU
		{C158D4E4-2EC2-4788-B8F1-2F03FB5E1A6A}.Debug|Any CPU.Build.0 = Debug|Any CPU
		{C158D4E4-2EC2-4788-B8F1-2F03FB5E1A6A}.Release|Any CPU.ActiveCfg = Release|Any CPU
		{C158D4E4-2EC2-4788-B8F1-2F03FB5E1A6A}.Release|Any CPU.Build.0 = Release|Any CPU
		{E8E952DB-E3E2-4286-963B-D05995596A90}.Debug|Any CPU.ActiveCfg = Debug|Any CPU
		{E8E952DB-E3E2-4286-963B-D05995596A90}.Debug|Any CPU.Build.0 = Debug|Any CPU
		{E8E952DB-E3E2-4286-963B-D05995596A90}.Release|Any CPU.ActiveCfg = Release|Any CPU
		{E8E952DB-E3E2-4286-963B-D05995596A90}.Release|Any CPU.Build.0 = Release|Any CPU
		{9D39AEE4-12BB-48C3-B006-EFE107F350BF}.Debug|Any CPU.ActiveCfg = Debug|Any CPU
		{9D39AEE4-12BB-48C3-B006-EFE107F350BF}.Debug|Any CPU.Build.0 = Debug|Any CPU
		{9D39AEE4-12BB-48C3-B006-EFE107F350BF}.Release|Any CPU.ActiveCfg = Release|Any CPU
		{9D39AEE4-12BB-48C3-B006-EFE107F350BF}.Release|Any CPU.Build.0 = Release|Any CPU
		{40D1E917-EAE9-478E-A902-ABB7892B5673}.Debug|Any CPU.ActiveCfg = Debug|Any CPU
		{40D1E917-EAE9-478E-A902-ABB7892B5673}.Debug|Any CPU.Build.0 = Debug|Any CPU
		{40D1E917-EAE9-478E-A902-ABB7892B5673}.Release|Any CPU.ActiveCfg = Release|Any CPU
		{40D1E917-EAE9-478E-A902-ABB7892B5673}.Release|Any CPU.Build.0 = Release|Any CPU
		{5E84EB0F-01FC-4D79-AC73-6620C6EEBCC9}.Debug|Any CPU.ActiveCfg = Debug|Any CPU
		{5E84EB0F-01FC-4D79-AC73-6620C6EEBCC9}.Debug|Any CPU.Build.0 = Debug|Any CPU
		{5E84EB0F-01FC-4D79-AC73-6620C6EEBCC9}.Release|Any CPU.ActiveCfg = Release|Any CPU
		{5E84EB0F-01FC-4D79-AC73-6620C6EEBCC9}.Release|Any CPU.Build.0 = Release|Any CPU
		{E4EF2B0C-0365-43CB-AE5B-D43F5CF677A9}.Debug|Any CPU.ActiveCfg = Debug|Any CPU
		{E4EF2B0C-0365-43CB-AE5B-D43F5CF677A9}.Debug|Any CPU.Build.0 = Debug|Any CPU
		{E4EF2B0C-0365-43CB-AE5B-D43F5CF677A9}.Release|Any CPU.ActiveCfg = Release|Any CPU
		{E4EF2B0C-0365-43CB-AE5B-D43F5CF677A9}.Release|Any CPU.Build.0 = Release|Any CPU
		{301867F3-E26D-466C-B8BD-2AD3F55B278F}.Debug|Any CPU.ActiveCfg = Debug|Any CPU
		{301867F3-E26D-466C-B8BD-2AD3F55B278F}.Debug|Any CPU.Build.0 = Debug|Any CPU
		{301867F3-E26D-466C-B8BD-2AD3F55B278F}.Release|Any CPU.ActiveCfg = Release|Any CPU
		{301867F3-E26D-466C-B8BD-2AD3F55B278F}.Release|Any CPU.Build.0 = Release|Any CPU
	EndGlobalSection
	GlobalSection(SolutionProperties) = preSolution
		HideSolutionNode = FALSE
	EndGlobalSection
EndGlobal
