
Microsoft Visual Studio Solution File, Format Version 12.00
# Visual Studio 14
VisualStudioVersion = 14.0.23107.0
MinimumVisualStudioVersion = 10.0.40219.1
Project("{FAE04EC0-301F-11D3-BF4B-00C04F79EFBC}") = "StudentsAndCourses", "StudentsAndCourses\StudentsAndCourses.csproj", "{E43B955C-D3B0-45F2-A074-ADB44DA3D428}"
EndProject
Project("{FAE04EC0-301F-11D3-BF4B-00C04F79EFBC}") = "RetrieveArticlesByPriceRange", "RetrieveArticlesByPriceRange\RetrieveArticlesByPriceRange.csproj", "{C1361026-F3AC-49DA-BFB0-CC8AC1F3FFB1}"
EndProject
Project("{FAE04EC0-301F-11D3-BF4B-00C04F79EFBC}") = "BiDictionaryImplementation", "BiDictionaryImplementation\BiDictionaryImplementation.csproj", "{4F73BCC6-E654-4083-864A-38C3290BA506}"
EndProject
Global
	GlobalSection(SolutionConfigurationPlatforms) = preSolution
		Debug|Any CPU = Debug|Any CPU
		Release|Any CPU = Release|Any CPU
	EndGlobalSection
	GlobalSection(ProjectConfigurationPlatforms) = postSolution
		{E43B955C-D3B0-45F2-A074-ADB44DA3D428}.Debug|Any CPU.ActiveCfg = Debug|Any CPU
		{E43B955C-D3B0-45F2-A074-ADB44DA3D428}.Debug|Any CPU.Build.0 = Debug|Any CPU
		{E43B955C-D3B0-45F2-A074-ADB44DA3D428}.Release|Any CPU.ActiveCfg = Release|Any CPU
		{E43B955C-D3B0-45F2-A074-ADB44DA3D428}.Release|Any CPU.Build.0 = Release|Any CPU
		{C1361026-F3AC-49DA-BFB0-CC8AC1F3FFB1}.Debug|Any CPU.ActiveCfg = Debug|Any CPU
		{C1361026-F3AC-49DA-BFB0-CC8AC1F3FFB1}.Debug|Any CPU.Build.0 = Debug|Any CPU
		{C1361026-F3AC-49DA-BFB0-CC8AC1F3FFB1}.Release|Any CPU.ActiveCfg = Release|Any CPU
		{C1361026-F3AC-49DA-BFB0-CC8AC1F3FFB1}.Release|Any CPU.Build.0 = Release|Any CPU
		{4F73BCC6-E654-4083-864A-38C3290BA506}.Debug|Any CPU.ActiveCfg = Debug|Any CPU
		{4F73BCC6-E654-4083-864A-38C3290BA506}.Debug|Any CPU.Build.0 = Debug|Any CPU
		{4F73BCC6-E654-4083-864A-38C3290BA506}.Release|Any CPU.ActiveCfg = Release|Any CPU
		{4F73BCC6-E654-4083-864A-38C3290BA506}.Release|Any CPU.Build.0 = Release|Any CPU
	EndGlobalSection
	GlobalSection(SolutionProperties) = preSolution
		HideSolutionNode = FALSE
	EndGlobalSection
EndGlobal
