
Microsoft Visual Studio Solution File, Format Version 12.00
# Visual Studio 2013
VisualStudioVersion = 12.0.21005.1
MinimumVisualStudioVersion = 10.0.40219.1
Project("{FAE04EC0-301F-11D3-BF4B-00C04F79EFBC}") = "Abstraction", "Abstraction\Abstraction.csproj", "{83DA93B4-303F-4802-976D-33BDEB89CFD3}"
EndProject
Project("{FAE04EC0-301F-11D3-BF4B-00C04F79EFBC}") = "CohesionAndCoupling", "CohesionAndCoupling\CohesionAndCoupling.csproj", "{433DE7C3-1DC9-4B2E-AA77-DE9C315B14F2}"
EndProject
Project("{FAE04EC0-301F-11D3-BF4B-00C04F79EFBC}") = "InheritanceAndPolymorphism", "InheritanceAndPolymorphism\InheritanceAndPolymorphism.csproj", "{9ED5795F-6398-42A9-8728-A109822551C9}"
EndProject
Global
	GlobalSection(SolutionConfigurationPlatforms) = preSolution
		Debug|Any CPU = Debug|Any CPU
		Release|Any CPU = Release|Any CPU
	EndGlobalSection
	GlobalSection(ProjectConfigurationPlatforms) = postSolution
		{83DA93B4-303F-4802-976D-33BDEB89CFD3}.Debug|Any CPU.ActiveCfg = Debug|Any CPU
		{83DA93B4-303F-4802-976D-33BDEB89CFD3}.Debug|Any CPU.Build.0 = Debug|Any CPU
		{83DA93B4-303F-4802-976D-33BDEB89CFD3}.Release|Any CPU.ActiveCfg = Release|Any CPU
		{83DA93B4-303F-4802-976D-33BDEB89CFD3}.Release|Any CPU.Build.0 = Release|Any CPU
		{433DE7C3-1DC9-4B2E-AA77-DE9C315B14F2}.Debug|Any CPU.ActiveCfg = Debug|Any CPU
		{433DE7C3-1DC9-4B2E-AA77-DE9C315B14F2}.Debug|Any CPU.Build.0 = Debug|Any CPU
		{433DE7C3-1DC9-4B2E-AA77-DE9C315B14F2}.Release|Any CPU.ActiveCfg = Release|Any CPU
		{433DE7C3-1DC9-4B2E-AA77-DE9C315B14F2}.Release|Any CPU.Build.0 = Release|Any CPU
		{9ED5795F-6398-42A9-8728-A109822551C9}.Debug|Any CPU.ActiveCfg = Debug|Any CPU
		{9ED5795F-6398-42A9-8728-A109822551C9}.Debug|Any CPU.Build.0 = Debug|Any CPU
		{9ED5795F-6398-42A9-8728-A109822551C9}.Release|Any CPU.ActiveCfg = Release|Any CPU
		{9ED5795F-6398-42A9-8728-A109822551C9}.Release|Any CPU.Build.0 = Release|Any CPU
	EndGlobalSection
	GlobalSection(SolutionProperties) = preSolution
		HideSolutionNode = FALSE
	EndGlobalSection
EndGlobal
